// !$*UTF8*$!
{
	archiveVersion = 1;
	classes = {
	};
	objectVersion = 46;
	objects = {

/* Begin PBXBuildFile section */
		5A0D21598A7EF2E65797FF82 /* Pods_DollarPodApp.framework in Frameworks */ = {isa = PBXBuildFile; fileRef = 5E00EC6CC2EE8916D8096EB0 /* Pods_DollarPodApp.framework */; };
		9295C7671BAF7FF000A7AF64 /* AppDelegate.swift in Sources */ = {isa = PBXBuildFile; fileRef = 9295C7661BAF7FF000A7AF64 /* AppDelegate.swift */; };
		9295C7691BAF7FF000A7AF64 /* ViewController.swift in Sources */ = {isa = PBXBuildFile; fileRef = 9295C7681BAF7FF000A7AF64 /* ViewController.swift */; };
		9295C76C1BAF7FF000A7AF64 /* Main.storyboard in Resources */ = {isa = PBXBuildFile; fileRef = 9295C76A1BAF7FF000A7AF64 /* Main.storyboard */; };
		9295C76E1BAF7FF000A7AF64 /* Assets.xcassets in Resources */ = {isa = PBXBuildFile; fileRef = 9295C76D1BAF7FF000A7AF64 /* Assets.xcassets */; };
		9295C7711BAF7FF000A7AF64 /* LaunchScreen.storyboard in Resources */ = {isa = PBXBuildFile; fileRef = 9295C76F1BAF7FF000A7AF64 /* LaunchScreen.storyboard */; };
		9295C77C1BAF7FF000A7AF64 /* DollarPodAppTests.swift in Sources */ = {isa = PBXBuildFile; fileRef = 9295C77B1BAF7FF000A7AF64 /* DollarPodAppTests.swift */; };
		9295C7871BAF7FF000A7AF64 /* DollarPodAppUITests.swift in Sources */ = {isa = PBXBuildFile; fileRef = 9295C7861BAF7FF000A7AF64 /* DollarPodAppUITests.swift */; };
/* End PBXBuildFile section */

/* Begin PBXContainerItemProxy section */
		9295C7781BAF7FF000A7AF64 /* PBXContainerItemProxy */ = {
			isa = PBXContainerItemProxy;
			containerPortal = 9295C75B1BAF7FF000A7AF64 /* Project object */;
			proxyType = 1;
			remoteGlobalIDString = 9295C7621BAF7FF000A7AF64;
			remoteInfo = DollarPodApp;
		};
		9295C7831BAF7FF000A7AF64 /* PBXContainerItemProxy */ = {
			isa = PBXContainerItemProxy;
			containerPortal = 9295C75B1BAF7FF000A7AF64 /* Project object */;
			proxyType = 1;
			remoteGlobalIDString = 9295C7621BAF7FF000A7AF64;
			remoteInfo = DollarPodApp;
		};
/* End PBXContainerItemProxy section */

/* Begin PBXFileReference section */
		33B6ABAF926A0D5DAFC5FE13 /* Pods-DollarPodApp.debug.xcconfig */ = {isa = PBXFileReference; includeInIndex = 1; lastKnownFileType = text.xcconfig; name = "Pods-DollarPodApp.debug.xcconfig"; path = "Pods/Target Support Files/Pods-DollarPodApp/Pods-DollarPodApp.debug.xcconfig"; sourceTree = "<group>"; };
		5E00EC6CC2EE8916D8096EB0 /* Pods_DollarPodApp.framework */ = {isa = PBXFileReference; explicitFileType = wrapper.framework; includeInIndex = 0; path = Pods_DollarPodApp.framework; sourceTree = BUILT_PRODUCTS_DIR; };
		9295C7631BAF7FF000A7AF64 /* DollarPodApp.app */ = {isa = PBXFileReference; explicitFileType = wrapper.application; includeInIndex = 0; path = DollarPodApp.app; sourceTree = BUILT_PRODUCTS_DIR; };
		9295C7661BAF7FF000A7AF64 /* AppDelegate.swift */ = {isa = PBXFileReference; lastKnownFileType = sourcecode.swift; path = AppDelegate.swift; sourceTree = "<group>"; };
		9295C7681BAF7FF000A7AF64 /* ViewController.swift */ = {isa = PBXFileReference; lastKnownFileType = sourcecode.swift; path = ViewController.swift; sourceTree = "<group>"; };
		9295C76B1BAF7FF000A7AF64 /* Base */ = {isa = PBXFileReference; lastKnownFileType = file.storyboard; name = Base; path = Base.lproj/Main.storyboard; sourceTree = "<group>"; };
		9295C76D1BAF7FF000A7AF64 /* Assets.xcassets */ = {isa = PBXFileReference; lastKnownFileType = folder.assetcatalog; path = Assets.xcassets; sourceTree = "<group>"; };
		9295C7701BAF7FF000A7AF64 /* Base */ = {isa = PBXFileReference; lastKnownFileType = file.storyboard; name = Base; path = Base.lproj/LaunchScreen.storyboard; sourceTree = "<group>"; };
		9295C7721BAF7FF000A7AF64 /* Info.plist */ = {isa = PBXFileReference; lastKnownFileType = text.plist.xml; path = Info.plist; sourceTree = "<group>"; };
		9295C7771BAF7FF000A7AF64 /* DollarPodAppTests.xctest */ = {isa = PBXFileReference; explicitFileType = wrapper.cfbundle; includeInIndex = 0; path = DollarPodAppTests.xctest; sourceTree = BUILT_PRODUCTS_DIR; };
		9295C77B1BAF7FF000A7AF64 /* DollarPodAppTests.swift */ = {isa = PBXFileReference; lastKnownFileType = sourcecode.swift; path = DollarPodAppTests.swift; sourceTree = "<group>"; };
		9295C77D1BAF7FF000A7AF64 /* Info.plist */ = {isa = PBXFileReference; lastKnownFileType = text.plist.xml; path = Info.plist; sourceTree = "<group>"; };
		9295C7821BAF7FF000A7AF64 /* DollarPodAppUITests.xctest */ = {isa = PBXFileReference; explicitFileType = wrapper.cfbundle; includeInIndex = 0; path = DollarPodAppUITests.xctest; sourceTree = BUILT_PRODUCTS_DIR; };
		9295C7861BAF7FF000A7AF64 /* DollarPodAppUITests.swift */ = {isa = PBXFileReference; lastKnownFileType = sourcecode.swift; path = DollarPodAppUITests.swift; sourceTree = "<group>"; };
		9295C7881BAF7FF000A7AF64 /* Info.plist */ = {isa = PBXFileReference; lastKnownFileType = text.plist.xml; path = Info.plist; sourceTree = "<group>"; };
		F1BF437B5EF69D8F7CA11A7B /* Pods-DollarPodApp.release.xcconfig */ = {isa = PBXFileReference; includeInIndex = 1; lastKnownFileType = text.xcconfig; name = "Pods-DollarPodApp.release.xcconfig"; path = "Pods/Target Support Files/Pods-DollarPodApp/Pods-DollarPodApp.release.xcconfig"; sourceTree = "<group>"; };
/* End PBXFileReference section */

/* Begin PBXFrameworksBuildPhase section */
		9295C7601BAF7FF000A7AF64 /* Frameworks */ = {
			isa = PBXFrameworksBuildPhase;
			buildActionMask = 2147483647;
			files = (
				5A0D21598A7EF2E65797FF82 /* Pods_DollarPodApp.framework in Frameworks */,
			);
			runOnlyForDeploymentPostprocessing = 0;
		};
		9295C7741BAF7FF000A7AF64 /* Frameworks */ = {
			isa = PBXFrameworksBuildPhase;
			buildActionMask = 2147483647;
			files = (
			);
			runOnlyForDeploymentPostprocessing = 0;
		};
		9295C77F1BAF7FF000A7AF64 /* Frameworks */ = {
			isa = PBXFrameworksBuildPhase;
			buildActionMask = 2147483647;
			files = (
			);
			runOnlyForDeploymentPostprocessing = 0;
		};
/* End PBXFrameworksBuildPhase section */

/* Begin PBXGroup section */
		0E636041026BED5CA422ED5B /* Pods */ = {
			isa = PBXGroup;
			children = (
				33B6ABAF926A0D5DAFC5FE13 /* Pods-DollarPodApp.debug.xcconfig */,
				F1BF437B5EF69D8F7CA11A7B /* Pods-DollarPodApp.release.xcconfig */,
			);
			name = Pods;
			sourceTree = "<group>";
		};
		9295C75A1BAF7FF000A7AF64 = {
			isa = PBXGroup;
			children = (
				9295C7651BAF7FF000A7AF64 /* DollarPodApp */,
				9295C77A1BAF7FF000A7AF64 /* DollarPodAppTests */,
				9295C7851BAF7FF000A7AF64 /* DollarPodAppUITests */,
				9295C7641BAF7FF000A7AF64 /* Products */,
				0E636041026BED5CA422ED5B /* Pods */,
				F51F2802ED1C1BDB1F7FD6C9 /* Frameworks */,
			);
			sourceTree = "<group>";
		};
		9295C7641BAF7FF000A7AF64 /* Products */ = {
			isa = PBXGroup;
			children = (
				9295C7631BAF7FF000A7AF64 /* DollarPodApp.app */,
				9295C7771BAF7FF000A7AF64 /* DollarPodAppTests.xctest */,
				9295C7821BAF7FF000A7AF64 /* DollarPodAppUITests.xctest */,
			);
			name = Products;
			sourceTree = "<group>";
		};
		9295C7651BAF7FF000A7AF64 /* DollarPodApp */ = {
			isa = PBXGroup;
			children = (
				9295C7661BAF7FF000A7AF64 /* AppDelegate.swift */,
				9295C7681BAF7FF000A7AF64 /* ViewController.swift */,
				9295C76A1BAF7FF000A7AF64 /* Main.storyboard */,
				9295C76D1BAF7FF000A7AF64 /* Assets.xcassets */,
				9295C76F1BAF7FF000A7AF64 /* LaunchScreen.storyboard */,
				9295C7721BAF7FF000A7AF64 /* Info.plist */,
			);
			path = DollarPodApp;
			sourceTree = "<group>";
		};
		9295C77A1BAF7FF000A7AF64 /* DollarPodAppTests */ = {
			isa = PBXGroup;
			children = (
				9295C77B1BAF7FF000A7AF64 /* DollarPodAppTests.swift */,
				9295C77D1BAF7FF000A7AF64 /* Info.plist */,
			);
			path = DollarPodAppTests;
			sourceTree = "<group>";
		};
		9295C7851BAF7FF000A7AF64 /* DollarPodAppUITests */ = {
			isa = PBXGroup;
			children = (
				9295C7861BAF7FF000A7AF64 /* DollarPodAppUITests.swift */,
				9295C7881BAF7FF000A7AF64 /* Info.plist */,
			);
			path = DollarPodAppUITests;
			sourceTree = "<group>";
		};
		F51F2802ED1C1BDB1F7FD6C9 /* Frameworks */ = {
			isa = PBXGroup;
			children = (
				5E00EC6CC2EE8916D8096EB0 /* Pods_DollarPodApp.framework */,
			);
			name = Frameworks;
			sourceTree = "<group>";
		};
/* End PBXGroup section */

/* Begin PBXNativeTarget section */
		9295C7621BAF7FF000A7AF64 /* DollarPodApp */ = {
			isa = PBXNativeTarget;
			buildConfigurationList = 9295C78B1BAF7FF000A7AF64 /* Build configuration list for PBXNativeTarget "DollarPodApp" */;
			buildPhases = (
				C15DFEAA2782DB1387639385 /* Check Pods Manifest.lock */,
				9295C75F1BAF7FF000A7AF64 /* Sources */,
				9295C7601BAF7FF000A7AF64 /* Frameworks */,
				9295C7611BAF7FF000A7AF64 /* Resources */,
				81DBF7A87A832B6E969C297F /* Embed Pods Frameworks */,
				0CB4E73424B3E1E58DAEFB84 /* Copy Pods Resources */,
			);
			buildRules = (
			);
			dependencies = (
			);
			name = DollarPodApp;
			productName = DollarPodApp;
			productReference = 9295C7631BAF7FF000A7AF64 /* DollarPodApp.app */;
			productType = "com.apple.product-type.application";
		};
		9295C7761BAF7FF000A7AF64 /* DollarPodAppTests */ = {
			isa = PBXNativeTarget;
			buildConfigurationList = 9295C78E1BAF7FF000A7AF64 /* Build configuration list for PBXNativeTarget "DollarPodAppTests" */;
			buildPhases = (
				9295C7731BAF7FF000A7AF64 /* Sources */,
				9295C7741BAF7FF000A7AF64 /* Frameworks */,
				9295C7751BAF7FF000A7AF64 /* Resources */,
			);
			buildRules = (
			);
			dependencies = (
				9295C7791BAF7FF000A7AF64 /* PBXTargetDependency */,
			);
			name = DollarPodAppTests;
			productName = DollarPodAppTests;
			productReference = 9295C7771BAF7FF000A7AF64 /* DollarPodAppTests.xctest */;
			productType = "com.apple.product-type.bundle.unit-test";
		};
		9295C7811BAF7FF000A7AF64 /* DollarPodAppUITests */ = {
			isa = PBXNativeTarget;
			buildConfigurationList = 9295C7911BAF7FF000A7AF64 /* Build configuration list for PBXNativeTarget "DollarPodAppUITests" */;
			buildPhases = (
				9295C77E1BAF7FF000A7AF64 /* Sources */,
				9295C77F1BAF7FF000A7AF64 /* Frameworks */,
				9295C7801BAF7FF000A7AF64 /* Resources */,
			);
			buildRules = (
			);
			dependencies = (
				9295C7841BAF7FF000A7AF64 /* PBXTargetDependency */,
			);
			name = DollarPodAppUITests;
			productName = DollarPodAppUITests;
			productReference = 9295C7821BAF7FF000A7AF64 /* DollarPodAppUITests.xctest */;
			productType = "com.apple.product-type.bundle.ui-testing";
		};
/* End PBXNativeTarget section */

/* Begin PBXProject section */
		9295C75B1BAF7FF000A7AF64 /* Project object */ = {
			isa = PBXProject;
			attributes = {
				LastUpgradeCheck = 0700;
				ORGANIZATIONNAME = "Encore Dev Labs LLC";
				TargetAttributes = {
					9295C7621BAF7FF000A7AF64 = {
						CreatedOnToolsVersion = 7.0;
					};
					9295C7761BAF7FF000A7AF64 = {
						CreatedOnToolsVersion = 7.0;
						TestTargetID = 9295C7621BAF7FF000A7AF64;
					};
					9295C7811BAF7FF000A7AF64 = {
						CreatedOnToolsVersion = 7.0;
						TestTargetID = 9295C7621BAF7FF000A7AF64;
					};
				};
			};
			buildConfigurationList = 9295C75E1BAF7FF000A7AF64 /* Build configuration list for PBXProject "DollarPodApp" */;
			compatibilityVersion = "Xcode 3.2";
			developmentRegion = English;
			hasScannedForEncodings = 0;
			knownRegions = (
				en,
				Base,
			);
			mainGroup = 9295C75A1BAF7FF000A7AF64;
			productRefGroup = 9295C7641BAF7FF000A7AF64 /* Products */;
			projectDirPath = "";
			projectRoot = "";
			targets = (
				9295C7621BAF7FF000A7AF64 /* DollarPodApp */,
				9295C7761BAF7FF000A7AF64 /* DollarPodAppTests */,
				9295C7811BAF7FF000A7AF64 /* DollarPodAppUITests */,
			);
		};
/* End PBXProject section */

/* Begin PBXResourcesBuildPhase section */
		9295C7611BAF7FF000A7AF64 /* Resources */ = {
			isa = PBXResourcesBuildPhase;
			buildActionMask = 2147483647;
			files = (
				9295C7711BAF7FF000A7AF64 /* LaunchScreen.storyboard in Resources */,
				9295C76E1BAF7FF000A7AF64 /* Assets.xcassets in Resources */,
				9295C76C1BAF7FF000A7AF64 /* Main.storyboard in Resources */,
			);
			runOnlyForDeploymentPostprocessing = 0;
		};
		9295C7751BAF7FF000A7AF64 /* Resources */ = {
			isa = PBXResourcesBuildPhase;
			buildActionMask = 2147483647;
			files = (
			);
			runOnlyForDeploymentPostprocessing = 0;
		};
		9295C7801BAF7FF000A7AF64 /* Resources */ = {
			isa = PBXResourcesBuildPhase;
			buildActionMask = 2147483647;
			files = (
			);
			runOnlyForDeploymentPostprocessing = 0;
		};
/* End PBXResourcesBuildPhase section */

/* Begin PBXShellScriptBuildPhase section */
		0CB4E73424B3E1E58DAEFB84 /* Copy Pods Resources */ = {
			isa = PBXShellScriptBuildPhase;
			buildActionMask = 2147483647;
			files = (
			);
			inputPaths = (
			);
			name = "Copy Pods Resources";
			outputPaths = (
			);
			runOnlyForDeploymentPostprocessing = 0;
			shellPath = /bin/sh;
			shellScript = "\"${SRCROOT}/Pods/Target Support Files/Pods-DollarPodApp/Pods-DollarPodApp-resources.sh\"\n";
			showEnvVarsInLog = 0;
		};
		81DBF7A87A832B6E969C297F /* Embed Pods Frameworks */ = {
			isa = PBXShellScriptBuildPhase;
			buildActionMask = 2147483647;
			files = (
			);
			inputPaths = (
			);
			name = "Embed Pods Frameworks";
			outputPaths = (
			);
			runOnlyForDeploymentPostprocessing = 0;
			shellPath = /bin/sh;
			shellScript = "\"${SRCROOT}/Pods/Target Support Files/Pods-DollarPodApp/Pods-DollarPodApp-frameworks.sh\"\n";
			showEnvVarsInLog = 0;
		};
		C15DFEAA2782DB1387639385 /* Check Pods Manifest.lock */ = {
			isa = PBXShellScriptBuildPhase;
			buildActionMask = 2147483647;
			files = (
			);
			inputPaths = (
			);
			name = "Check Pods Manifest.lock";
			outputPaths = (
			);
			runOnlyForDeploymentPostprocessing = 0;
			shellPath = /bin/sh;
			shellScript = "diff \"${PODS_ROOT}/../Podfile.lock\" \"${PODS_ROOT}/Manifest.lock\" > /dev/null\nif [[ $? != 0 ]] ; then\n    cat << EOM\nerror: The sandbox is not in sync with the Podfile.lock. Run 'pod install' or update your CocoaPods installation.\nEOM\n    exit 1\nfi\n";
			showEnvVarsInLog = 0;
		};
/* End PBXShellScriptBuildPhase section */

/* Begin PBXSourcesBuildPhase section */
		9295C75F1BAF7FF000A7AF64 /* Sources */ = {
			isa = PBXSourcesBuildPhase;
			buildActionMask = 2147483647;
			files = (
				9295C7691BAF7FF000A7AF64 /* ViewController.swift in Sources */,
				9295C7671BAF7FF000A7AF64 /* AppDelegate.swift in Sources */,
			);
			runOnlyForDeploymentPostprocessing = 0;
		};
		9295C7731BAF7FF000A7AF64 /* Sources */ = {
			isa = PBXSourcesBuildPhase;
			buildActionMask = 2147483647;
			files = (
				9295C77C1BAF7FF000A7AF64 /* DollarPodAppTests.swift in Sources */,
			);
			runOnlyForDeploymentPostprocessing = 0;
		};
		9295C77E1BAF7FF000A7AF64 /* Sources */ = {
			isa = PBXSourcesBuildPhase;
			buildActionMask = 2147483647;
			files = (
				9295C7871BAF7FF000A7AF64 /* DollarPodAppUITests.swift in Sources */,
			);
			runOnlyForDeploymentPostprocessing = 0;
		};
/* End PBXSourcesBuildPhase section */

/* Begin PBXTargetDependency section */
		9295C7791BAF7FF000A7AF64 /* PBXTargetDependency */ = {
			isa = PBXTargetDependency;
			target = 9295C7621BAF7FF000A7AF64 /* DollarPodApp */;
			targetProxy = 9295C7781BAF7FF000A7AF64 /* PBXContainerItemProxy */;
		};
		9295C7841BAF7FF000A7AF64 /* PBXTargetDependency */ = {
			isa = PBXTargetDependency;
			target = 9295C7621BAF7FF000A7AF64 /* DollarPodApp */;
			targetProxy = 9295C7831BAF7FF000A7AF64 /* PBXContainerItemProxy */;
		};
/* End PBXTargetDependency section */

/* Begin PBXVariantGroup section */
		9295C76A1BAF7FF000A7AF64 /* Main.storyboard */ = {
			isa = PBXVariantGroup;
			children = (
				9295C76B1BAF7FF000A7AF64 /* Base */,
			);
			name = Main.storyboard;
			sourceTree = "<group>";
		};
		9295C76F1BAF7FF000A7AF64 /* LaunchScreen.storyboard */ = {
			isa = PBXVariantGroup;
			children = (
				9295C7701BAF7FF000A7AF64 /* Base */,
			);
			name = LaunchScreen.storyboard;
			sourceTree = "<group>";
		};
/* End PBXVariantGroup section */

/* Begin XCBuildConfiguration section */
		9295C7891BAF7FF000A7AF64 /* Debug */ = {
			isa = XCBuildConfiguration;
			buildSettings = {
				ALWAYS_SEARCH_USER_PATHS = NO;
				CLANG_CXX_LANGUAGE_STANDARD = "gnu++0x";
				CLANG_CXX_LIBRARY = "libc++";
				CLANG_ENABLE_MODULES = YES;
				CLANG_ENABLE_OBJC_ARC = YES;
				CLANG_WARN_BOOL_CONVERSION = YES;
				CLANG_WARN_CONSTANT_CONVERSION = YES;
				CLANG_WARN_DIRECT_OBJC_ISA_USAGE = YES_ERROR;
				CLANG_WARN_EMPTY_BODY = YES;
				CLANG_WARN_ENUM_CONVERSION = YES;
				CLANG_WARN_INT_CONVERSION = YES;
				CLANG_WARN_OBJC_ROOT_CLASS = YES_ERROR;
				CLANG_WARN_UNREACHABLE_CODE = YES;
				CLANG_WARN__DUPLICATE_METHOD_MATCH = YES;
				"CODE_SIGN_IDENTITY[sdk=iphoneos*]" = "iPhone Developer";
				COPY_PHASE_STRIP = NO;
				DEBUG_INFORMATION_FORMAT = dwarf;
				ENABLE_STRICT_OBJC_MSGSEND = YES;
				ENABLE_TESTABILITY = YES;
				GCC_C_LANGUAGE_STANDARD = gnu99;
				GCC_DYNAMIC_NO_PIC = NO;
				GCC_NO_COMMON_BLOCKS = YES;
				GCC_OPTIMIZATION_LEVEL = 0;
				GCC_PREPROCESSOR_DEFINITIONS = (
					"DEBUG=1",
					"$(inherited)",
				);
				GCC_WARN_64_TO_32_BIT_CONVERSION = YES;
				GCC_WARN_ABOUT_RETURN_TYPE = YES_ERROR;
				GCC_WARN_UNDECLARED_SELECTOR = YES;
				GCC_WARN_UNINITIALIZED_AUTOS = YES_AGGRESSIVE;
				GCC_WARN_UNUSED_FUNCTION = YES;
				GCC_WARN_UNUSED_VARIABLE = YES;
				IPHONEOS_DEPLOYMENT_TARGET = 9.0;
				MTL_ENABLE_DEBUG_INFO = YES;
				ONLY_ACTIVE_ARCH = YES;
				SDKROOT = iphoneos;
				SWIFT_OPTIMIZATION_LEVEL = "-Onone";
			};
			name = Debug;
		};
		9295C78A1BAF7FF000A7AF64 /* Release */ = {
			isa = XCBuildConfiguration;
			buildSettings = {
				ALWAYS_SEARCH_USER_PATHS = NO;
				CLANG_CXX_LANGUAGE_STANDARD = "gnu++0x";
				CLANG_CXX_LIBRARY = "libc++";
				CLANG_ENABLE_MODULES = YES;
				CLANG_ENABLE_OBJC_ARC = YES;
				CLANG_WARN_BOOL_CONVERSION = YES;
				CLANG_WARN_CONSTANT_CONVERSION = YES;
				CLANG_WARN_DIRECT_OBJC_ISA_USAGE = YES_ERROR;
				CLANG_WARN_EMPTY_BODY = YES;
				CLANG_WARN_ENUM_CONVERSION = YES;
				CLANG_WARN_INT_CONVERSION = YES;
				CLANG_WARN_OBJC_ROOT_CLASS = YES_ERROR;
				CLANG_WARN_UNREACHABLE_CODE = YES;
				CLANG_WARN__DUPLICATE_METHOD_MATCH = YES;
				"CODE_SIGN_IDENTITY[sdk=iphoneos*]" = "iPhone Developer";
				COPY_PHASE_STRIP = NO;
				DEBUG_INFORMATION_FORMAT = "dwarf-with-dsym";
				ENABLE_NS_ASSERTIONS = NO;
				ENABLE_STRICT_OBJC_MSGSEND = YES;
				GCC_C_LANGUAGE_STANDARD = gnu99;
				GCC_NO_COMMON_BLOCKS = YES;
				GCC_WARN_64_TO_32_BIT_CONVERSION = YES;
				GCC_WARN_ABOUT_RETURN_TYPE = YES_ERROR;
				GCC_WARN_UNDECLARED_SELECTOR = YES;
				GCC_WARN_UNINITIALIZED_AUTOS = YES_AGGRESSIVE;
				GCC_WARN_UNUSED_FUNCTION = YES;
				GCC_WARN_UNUSED_VARIABLE = YES;
				IPHONEOS_DEPLOYMENT_TARGET = 9.0;
				MTL_ENABLE_DEBUG_INFO = NO;
				SDKROOT = iphoneos;
				VALIDATE_PRODUCT = YES;
			};
			name = Release;
		};
		9295C78C1BAF7FF000A7AF64 /* Debug */ = {
			isa = XCBuildConfiguration;
			baseConfigurationReference = 33B6ABAF926A0D5DAFC5FE13 /* Pods-DollarPodApp.debug.xcconfig */;
			buildSettings = {
				ASSETCATALOG_COMPILER_APPICON_NAME = AppIcon;
				INFOPLIST_FILE = DollarPodApp/Info.plist;
				LD_RUNPATH_SEARCH_PATHS = "$(inherited) @executable_path/Frameworks";
				PRODUCT_BUNDLE_IDENTIFIER = com.encoredevlabs.DollarPodApp;
				PRODUCT_NAME = "$(TARGET_NAME)";
			};
			name = Debug;
		};
		9295C78D1BAF7FF000A7AF64 /* Release */ = {
			isa = XCBuildConfiguration;
			baseConfigurationReference = F1BF437B5EF69D8F7CA11A7B /* Pods-DollarPodApp.release.xcconfig */;
			buildSettings = {
				ASSETCATALOG_COMPILER_APPICON_NAME = AppIcon;
				INFOPLIST_FILE = DollarPodApp/Info.plist;
				LD_RUNPATH_SEARCH_PATHS = "$(inherited) @executable_path/Frameworks";
				PRODUCT_BUNDLE_IDENTIFIER = com.encoredevlabs.DollarPodApp;
				PRODUCT_NAME = "$(TARGET_NAME)";
			};
			name = Release;
		};
		9295C78F1BAF7FF000A7AF64 /* Debug */ = {
			isa = XCBuildConfiguration;
			buildSettings = {
				BUNDLE_LOADER = "$(TEST_HOST)";
				INFOPLIST_FILE = DollarPodAppTests/Info.plist;
				LD_RUNPATH_SEARCH_PATHS = "$(inherited) @executable_path/Frameworks @loader_path/Frameworks";
				PRODUCT_BUNDLE_IDENTIFIER = com.encoredevlabs.DollarPodAppTests;
				PRODUCT_NAME = "$(TARGET_NAME)";
				TEST_HOST = "$(BUILT_PRODUCTS_DIR)/DollarPodApp.app/DollarPodApp";
			};
			name = Debug;
		};
		9295C7901BAF7FF000A7AF64 /* Release */ = {
			isa = XCBuildConfiguration;
			buildSettings = {
				BUNDLE_LOADER = "$(TEST_HOST)";
				INFOPLIST_FILE = DollarPodAppTests/Info.plist;
				LD_RUNPATH_SEARCH_PATHS = "$(inherited) @executable_path/Frameworks @loader_path/Frameworks";
				PRODUCT_BUNDLE_IDENTIFIER = com.encoredevlabs.DollarPodAppTests;
				PRODUCT_NAME = "$(TARGET_NAME)";
				TEST_HOST = "$(BUILT_PRODUCTS_DIR)/DollarPodApp.app/DollarPodApp";
			};
			name = Release;
		};
		9295C7921BAF7FF000A7AF64 /* Debug */ = {
			isa = XCBuildConfiguration;
			buildSettings = {
				INFOPLIST_FILE = DollarPodAppUITests/Info.plist;
				LD_RUNPATH_SEARCH_PATHS = "$(inherited) @executable_path/Frameworks @loader_path/Frameworks";
				PRODUCT_BUNDLE_IDENTIFIER = com.encoredevlabs.DollarPodAppUITests;
				PRODUCT_NAME = "$(TARGET_NAME)";
				TEST_TARGET_NAME = DollarPodApp;
				USES_XCTRUNNER = YES;
			};
			name = Debug;
		};
		9295C7931BAF7FF000A7AF64 /* Release */ = {
			isa = XCBuildConfiguration;
			buildSettings = {
				INFOPLIST_FILE = DollarPodAppUITests/Info.plist;
				LD_RUNPATH_SEARCH_PATHS = "$(inherited) @executable_path/Frameworks @loader_path/Frameworks";
				PRODUCT_BUNDLE_IDENTIFIER = com.encoredevlabs.DollarPodAppUITests;
				PRODUCT_NAME = "$(TARGET_NAME)";
				TEST_TARGET_NAME = DollarPodApp;
				USES_XCTRUNNER = YES;
			};
			name = Release;
		};
/* End XCBuildConfiguration section */

/* Begin XCConfigurationList section */
		9295C75E1BAF7FF000A7AF64 /* Build configuration list for PBXProject "DollarPodApp" */ = {
			isa = XCConfigurationList;
			buildConfigurations = (
				9295C7891BAF7FF000A7AF64 /* Debug */,
				9295C78A1BAF7FF000A7AF64 /* Release */,
			);
			defaultConfigurationIsVisible = 0;
			defaultConfigurationName = Release;
		};
		9295C78B1BAF7FF000A7AF64 /* Build configuration list for PBXNativeTarget "DollarPodApp" */ = {
			isa = XCConfigurationList;
			buildConfigurations = (
				9295C78C1BAF7FF000A7AF64 /* Debug */,
				9295C78D1BAF7FF000A7AF64 /* Release */,
			);
			defaultConfigurationIsVisible = 0;
			defaultConfigurationName = Release;
		};
		9295C78E1BAF7FF000A7AF64 /* Build configuration list for PBXNativeTarget "DollarPodAppTests" */ = {
			isa = XCConfigurationList;
			buildConfigurations = (
				9295C78F1BAF7FF000A7AF64 /* Debug */,
				9295C7901BAF7FF000A7AF64 /* Release */,
			);
			defaultConfigurationIsVisible = 0;
			defaultConfigurationName = Release;
		};
		9295C7911BAF7FF000A7AF64 /* Build configuration list for PBXNativeTarget "DollarPodAppUITests" */ = {
			isa = XCConfigurationList;
			buildConfigurations = (
				9295C7921BAF7FF000A7AF64 /* Debug */,
				9295C7931BAF7FF000A7AF64 /* Release */,
			);
			defaultConfigurationIsVisible = 0;
			defaultConfigurationName = Release;
		};
/* End XCConfigurationList section */
	};
	rootObject = 9295C75B1BAF7FF000A7AF64 /* Project object */;
}
